// !$*UTF8*$!
{
	archiveVersion = 1;
	classes = {
	};
	objectVersion = 46;
	objects = {

/* Begin PBXBuildFile section */
		FB797AAA1B60EEB100BA52C9 /* main.m in Sources */ = {isa = PBXBuildFile; fileRef = FB797AA91B60EEB100BA52C9 /* main.m */; };
		FB797AAD1B60EEB100BA52C9 /* AppDelegate.m in Sources */ = {isa = PBXBuildFile; fileRef = FB797AAC1B60EEB100BA52C9 /* AppDelegate.m */; };
		FB797AB01B60EEB100BA52C9 /* ViewController.m in Sources */ = {isa = PBXBuildFile; fileRef = FB797AAF1B60EEB100BA52C9 /* ViewController.m */; };
		FB797AB31B60EEB100BA52C9 /* Main.storyboard in Resources */ = {isa = PBXBuildFile; fileRef = FB797AB11B60EEB100BA52C9 /* Main.storyboard */; };
		FB797AB51B60EEB100BA52C9 /* Assets.xcassets in Resources */ = {isa = PBXBuildFile; fileRef = FB797AB41B60EEB100BA52C9 /* Assets.xcassets */; };
		FB797AB81B60EEB100BA52C9 /* LaunchScreen.storyboard in Resources */ = {isa = PBXBuildFile; fileRef = FB797AB61B60EEB100BA52C9 /* LaunchScreen.storyboard */; };
		FB797AC41B60EFBD00BA52C9 /* Reachability.m in Sources */ = {isa = PBXBuildFile; fileRef = FB797AC31B60EFBD00BA52C9 /* Reachability.m */; };
		FB797ACB1B60EFD100BA52C9 /* CustomButton.m in Sources */ = {isa = PBXBuildFile; fileRef = FB797AC71B60EFD100BA52C9 /* CustomButton.m */; };
		FB797ACC1B60EFD100BA52C9 /* CheckNetWork.m in Sources */ = {isa = PBXBuildFile; fileRef = FB797ACA1B60EFD100BA52C9 /* CheckNetWork.m */; };
/* End PBXBuildFile section */

/* Begin PBXFileReference section */
		FB797AA51B60EEB100BA52C9 /* WebViewPDFViewer.app */ = {isa = PBXFileReference; explicitFileType = wrapper.application; includeInIndex = 0; path = WebViewPDFViewer.app; sourceTree = BUILT_PRODUCTS_DIR; };
		FB797AA91B60EEB100BA52C9 /* main.m */ = {isa = PBXFileReference; lastKnownFileType = sourcecode.c.objc; path = main.m; sourceTree = "<group>"; };
		FB797AAB1B60EEB100BA52C9 /* AppDelegate.h */ = {isa = PBXFileReference; lastKnownFileType = sourcecode.c.h; path = AppDelegate.h; sourceTree = "<group>"; };
		FB797AAC1B60EEB100BA52C9 /* AppDelegate.m */ = {isa = PBXFileReference; lastKnownFileType = sourcecode.c.objc; path = AppDelegate.m; sourceTree = "<group>"; };
		FB797AAE1B60EEB100BA52C9 /* ViewController.h */ = {isa = PBXFileReference; lastKnownFileType = sourcecode.c.h; path = ViewController.h; sourceTree = "<group>"; };
		FB797AAF1B60EEB100BA52C9 /* ViewController.m */ = {isa = PBXFileReference; lastKnownFileType = sourcecode.c.objc; path = ViewController.m; sourceTree = "<group>"; };
		FB797AB21B60EEB100BA52C9 /* Base */ = {isa = PBXFileReference; lastKnownFileType = file.storyboard; name = Base; path = Base.lproj/Main.storyboard; sourceTree = "<group>"; };
		FB797AB41B60EEB100BA52C9 /* Assets.xcassets */ = {isa = PBXFileReference; lastKnownFileType = folder.assetcatalog; path = Assets.xcassets; sourceTree = "<group>"; };
		FB797AB71B60EEB100BA52C9 /* Base */ = {isa = PBXFileReference; lastKnownFileType = file.storyboard; name = Base; path = Base.lproj/LaunchScreen.storyboard; sourceTree = "<group>"; };
		FB797AB91B60EEB100BA52C9 /* Info.plist */ = {isa = PBXFileReference; lastKnownFileType = text.plist.xml; path = Info.plist; sourceTree = "<group>"; };
		FB797AC21B60EFBD00BA52C9 /* Reachability.h */ = {isa = PBXFileReference; fileEncoding = 4; lastKnownFileType = sourcecode.c.h; path = Reachability.h; sourceTree = "<group>"; };
		FB797AC31B60EFBD00BA52C9 /* Reachability.m */ = {isa = PBXFileReference; fileEncoding = 4; lastKnownFileType = sourcecode.c.objc; path = Reachability.m; sourceTree = "<group>"; };
		FB797AC61B60EFD100BA52C9 /* CustomButton.h */ = {isa = PBXFileReference; fileEncoding = 4; lastKnownFileType = sourcecode.c.h; path = CustomButton.h; sourceTree = "<group>"; };
		FB797AC71B60EFD100BA52C9 /* CustomButton.m */ = {isa = PBXFileReference; fileEncoding = 4; lastKnownFileType = sourcecode.c.objc; path = CustomButton.m; sourceTree = "<group>"; };
		FB797AC91B60EFD100BA52C9 /* CheckNetWork.h */ = {isa = PBXFileReference; fileEncoding = 4; lastKnownFileType = sourcecode.c.h; path = CheckNetWork.h; sourceTree = "<group>"; };
		FB797ACA1B60EFD100BA52C9 /* CheckNetWork.m */ = {isa = PBXFileReference; fileEncoding = 4; lastKnownFileType = sourcecode.c.objc; path = CheckNetWork.m; sourceTree = "<group>"; };
/* End PBXFileReference section */

/* Begin PBXFrameworksBuildPhase section */
		FB797AA21B60EEB000BA52C9 /* Frameworks */ = {
			isa = PBXFrameworksBuildPhase;
			buildActionMask = 2147483647;
			files = (
			);
			runOnlyForDeploymentPostprocessing = 0;
		};
/* End PBXFrameworksBuildPhase section */

/* Begin PBXGroup section */
		FB797A9C1B60EEB000BA52C9 = {
			isa = PBXGroup;
			children = (
				FB797AA71B60EEB100BA52C9 /* WebViewPDFViewer */,
				FB797AA61B60EEB100BA52C9 /* Products */,
			);
			sourceTree = "<group>";
		};
		FB797AA61B60EEB100BA52C9 /* Products */ = {
			isa = PBXGroup;
			children = (
				FB797AA51B60EEB100BA52C9 /* WebViewPDFViewer.app */,
			);
			name = Products;
			sourceTree = "<group>";
		};
		FB797AA71B60EEB100BA52C9 /* WebViewPDFViewer */ = {
			isa = PBXGroup;
			children = (
				FB797ABF1B60EECF00BA52C9 /* Controllers */,
				FB797AC01B60EEDE00BA52C9 /* Views */,
				FB797ACD1B60F1E400BA52C9 /* Utils */,
				FBD3AD431B61D28300AD2539 /* Libs */,
				FB797AB41B60EEB100BA52C9 /* Assets.xcassets */,
				FB797AB91B60EEB100BA52C9 /* Info.plist */,
				FB797AA81B60EEB100BA52C9 /* Supporting Files */,
			);
			path = WebViewPDFViewer;
			sourceTree = "<group>";
		};
		FB797AA81B60EEB100BA52C9 /* Supporting Files */ = {
			isa = PBXGroup;
			children = (
				FB797AA91B60EEB100BA52C9 /* main.m */,
			);
			name = "Supporting Files";
			sourceTree = "<group>";
		};
		FB797ABF1B60EECF00BA52C9 /* Controllers */ = {
			isa = PBXGroup;
			children = (
				FB797AAB1B60EEB100BA52C9 /* AppDelegate.h */,
				FB797AAC1B60EEB100BA52C9 /* AppDelegate.m */,
				FB797AAE1B60EEB100BA52C9 /* ViewController.h */,
				FB797AAF1B60EEB100BA52C9 /* ViewController.m */,
			);
			name = Controllers;
			sourceTree = "<group>";
		};
		FB797AC01B60EEDE00BA52C9 /* Views */ = {
			isa = PBXGroup;
			children = (
				FB797AB11B60EEB100BA52C9 /* Main.storyboard */,
				FB797AB61B60EEB100BA52C9 /* LaunchScreen.storyboard */,
			);
			name = Views;
			sourceTree = "<group>";
		};
		FB797AC11B60EFBD00BA52C9 /* Reachability */ = {
			isa = PBXGroup;
			children = (
				FB797AC21B60EFBD00BA52C9 /* Reachability.h */,
				FB797AC31B60EFBD00BA52C9 /* Reachability.m */,
			);
			path = Reachability;
			sourceTree = "<group>";
		};
		FB797AC51B60EFD100BA52C9 /* CustomButton */ = {
			isa = PBXGroup;
			children = (
				FB797AC61B60EFD100BA52C9 /* CustomButton.h */,
				FB797AC71B60EFD100BA52C9 /* CustomButton.m */,
			);
			name = CustomButton;
			path = Reachability/CustomButton;
			sourceTree = "<group>";
		};
		FB797AC81B60EFD100BA52C9 /* Network */ = {
			isa = PBXGroup;
			children = (
				FB797AC91B60EFD100BA52C9 /* CheckNetWork.h */,
				FB797ACA1B60EFD100BA52C9 /* CheckNetWork.m */,
			);
			name = Network;
			path = Reachability/Network;
			sourceTree = "<group>";
		};
		FB797ACD1B60F1E400BA52C9 /* Utils */ = {
			isa = PBXGroup;
			children = (
				FB797AC51B60EFD100BA52C9 /* CustomButton */,
				FB797AC81B60EFD100BA52C9 /* Network */,
			);
			name = Utils;
			sourceTree = "<group>";
		};
		FBD3AD431B61D28300AD2539 /* Libs */ = {
			isa = PBXGroup;
			children = (
				FB797AC11B60EFBD00BA52C9 /* Reachability */,
			);
			name = Libs;
			sourceTree = "<group>";
		};
/* End PBXGroup section */

/* Begin PBXNativeTarget section */
		FB797AA41B60EEB000BA52C9 /* WebViewPDFViewer */ = {
			isa = PBXNativeTarget;
			buildConfigurationList = FB797ABC1B60EEB100BA52C9 /* Build configuration list for PBXNativeTarget "WebViewPDFViewer" */;
			buildPhases = (
				FB797AA11B60EEB000BA52C9 /* Sources */,
				FB797AA21B60EEB000BA52C9 /* Frameworks */,
				FB797AA31B60EEB000BA52C9 /* Resources */,
			);
			buildRules = (
			);
			dependencies = (
			);
			name = WebViewPDFViewer;
			productName = WebViewPDFViewer;
			productReference = FB797AA51B60EEB100BA52C9 /* WebViewPDFViewer.app */;
			productType = "com.apple.product-type.application";
		};
/* End PBXNativeTarget section */

/* Begin PBXProject section */
		FB797A9D1B60EEB000BA52C9 /* Project object */ = {
			isa = PBXProject;
			attributes = {
				LastUpgradeCheck = 0700;
				ORGANIZATIONNAME = "Takuya Aso";
				TargetAttributes = {
					FB797AA41B60EEB000BA52C9 = {
						CreatedOnToolsVersion = 7.0;
					};
				};
			};
			buildConfigurationList = FB797AA01B60EEB000BA52C9 /* Build configuration list for PBXProject "WebViewPDFViewer" */;
			compatibilityVersion = "Xcode 3.2";
			developmentRegion = English;
			hasScannedForEncodings = 0;
			knownRegions = (
				en,
				Base,
			);
			mainGroup = FB797A9C1B60EEB000BA52C9;
			productRefGroup = FB797AA61B60EEB100BA52C9 /* Products */;
			projectDirPath = "";
			projectRoot = "";
			targets = (
				FB797AA41B60EEB000BA52C9 /* WebViewPDFViewer */,
			);
		};
/* End PBXProject section */

/* Begin PBXResourcesBuildPhase section */
		FB797AA31B60EEB000BA52C9 /* Resources */ = {
			isa = PBXResourcesBuildPhase;
			buildActionMask = 2147483647;
			files = (
				FB797AB81B60EEB100BA52C9 /* LaunchScreen.storyboard in Resources */,
				FB797AB51B60EEB100BA52C9 /* Assets.xcassets in Resources */,
				FB797AB31B60EEB100BA52C9 /* Main.storyboard in Resources */,
			);
			runOnlyForDeploymentPostprocessing = 0;
		};
/* End PBXResourcesBuildPhase section */

/* Begin PBXSourcesBuildPhase section */
		FB797AA11B60EEB000BA52C9 /* Sources */ = {
			isa = PBXSourcesBuildPhase;
			buildActionMask = 2147483647;
			files = (
				FB797AB01B60EEB100BA52C9 /* ViewController.m in Sources */,
				FB797ACB1B60EFD100BA52C9 /* CustomButton.m in Sources */,
				FB797AAD1B60EEB100BA52C9 /* AppDelegate.m in Sources */,
				FB797ACC1B60EFD100BA52C9 /* CheckNetWork.m in Sources */,
				FB797AC41B60EFBD00BA52C9 /* Reachability.m in Sources */,
				FB797AAA1B60EEB100BA52C9 /* main.m in Sources */,
			);
			runOnlyForDeploymentPostprocessing = 0;
		};
/* End PBXSourcesBuildPhase section */

/* Begin PBXVariantGroup section */
		FB797AB11B60EEB100BA52C9 /* Main.storyboard */ = {
			isa = PBXVariantGroup;
			children = (
				FB797AB21B60EEB100BA52C9 /* Base */,
			);
			name = Main.storyboard;
			sourceTree = "<group>";
		};
		FB797AB61B60EEB100BA52C9 /* LaunchScreen.storyboard */ = {
			isa = PBXVariantGroup;
			children = (
				FB797AB71B60EEB100BA52C9 /* Base */,
			);
			name = LaunchScreen.storyboard;
			sourceTree = "<group>";
		};
/* End PBXVariantGroup section */

/* Begin XCBuildConfiguration section */
		FB797ABA1B60EEB100BA52C9 /* Debug */ = {
			isa = XCBuildConfiguration;
			buildSettings = {
				ALWAYS_SEARCH_USER_PATHS = NO;
				CLANG_CXX_LANGUAGE_STANDARD = "gnu++0x";
				CLANG_CXX_LIBRARY = "libc++";
				CLANG_ENABLE_MODULES = YES;
				CLANG_ENABLE_OBJC_ARC = YES;
				CLANG_WARN_BOOL_CONVERSION = YES;
				CLANG_WARN_CONSTANT_CONVERSION = YES;
				CLANG_WARN_DIRECT_OBJC_ISA_USAGE = YES_ERROR;
				CLANG_WARN_EMPTY_BODY = YES;
				CLANG_WARN_ENUM_CONVERSION = YES;
				CLANG_WARN_INT_CONVERSION = YES;
				CLANG_WARN_OBJC_ROOT_CLASS = YES_ERROR;
				CLANG_WARN_UNREACHABLE_CODE = YES;
				CLANG_WARN__DUPLICATE_METHOD_MATCH = YES;
				"CODE_SIGN_IDENTITY[sdk=iphoneos*]" = "iPhone Developer";
				COPY_PHASE_STRIP = NO;
				DEBUG_INFORMATION_FORMAT = dwarf;
				ENABLE_STRICT_OBJC_MSGSEND = YES;
				ENABLE_TESTABILITY = YES;
				GCC_C_LANGUAGE_STANDARD = gnu99;
				GCC_DYNAMIC_NO_PIC = NO;
				GCC_NO_COMMON_BLOCKS = YES;
				GCC_OPTIMIZATION_LEVEL = 0;
				GCC_PREPROCESSOR_DEFINITIONS = (
					"DEBUG=1",
					"$(inherited)",
				);
				GCC_WARN_64_TO_32_BIT_CONVERSION = YES;
				GCC_WARN_ABOUT_RETURN_TYPE = YES_ERROR;
				GCC_WARN_UNDECLARED_SELECTOR = YES;
				GCC_WARN_UNINITIALIZED_AUTOS = YES_AGGRESSIVE;
				GCC_WARN_UNUSED_FUNCTION = YES;
				GCC_WARN_UNUSED_VARIABLE = YES;
				IPHONEOS_DEPLOYMENT_TARGET = 9.0;
				MTL_ENABLE_DEBUG_INFO = YES;
				ONLY_ACTIVE_ARCH = YES;
				SDKROOT = iphoneos;
				TARGETED_DEVICE_FAMILY = "1,2";
			};
			name = Debug;
		};
		FB797ABB1B60EEB100BA52C9 /* Release */ = {
			isa = XCBuildConfiguration;
			buildSettings = {
				ALWAYS_SEARCH_USER_PATHS = NO;
				CLANG_CXX_LANGUAGE_STANDARD = "gnu++0x";
				CLANG_CXX_LIBRARY = "libc++";
				CLANG_ENABLE_MODULES = YES;
				CLANG_ENABLE_OBJC_ARC = YES;
				CLANG_WARN_BOOL_CONVERSION = YES;
				CLANG_WARN_CONSTANT_CONVERSION = YES;
				CLANG_WARN_DIRECT_OBJC_ISA_USAGE = YES_ERROR;
				CLANG_WARN_EMPTY_BODY = YES;
				CLANG_WARN_ENUM_CONVERSION = YES;
				CLANG_WARN_INT_CONVERSION = YES;
				CLANG_WARN_OBJC_ROOT_CLASS = YES_ERROR;
				CLANG_WARN_UNREACHABLE_CODE = YES;
				CLANG_WARN__DUPLICATE_METHOD_MATCH = YES;
				"CODE_SIGN_IDENTITY[sdk=iphoneos*]" = "iPhone Developer";
				COPY_PHASE_STRIP = NO;
				DEBUG_INFORMATION_FORMAT = "dwarf-with-dsym";
				ENABLE_NS_ASSERTIONS = NO;
				ENABLE_STRICT_OBJC_MSGSEND = YES;
				GCC_C_LANGUAGE_STANDARD = gnu99;
				GCC_NO_COMMON_BLOCKS = YES;
				GCC_WARN_64_TO_32_BIT_CONVERSION = YES;
				GCC_WARN_ABOUT_RETURN_TYPE = YES_ERROR;
				GCC_WARN_UNDECLARED_SELECTOR = YES;
				GCC_WARN_UNINITIALIZED_AUTOS = YES_AGGRESSIVE;
				GCC_WARN_UNUSED_FUNCTION = YES;
				GCC_WARN_UNUSED_VARIABLE = YES;
				IPHONEOS_DEPLOYMENT_TARGET = 9.0;
				MTL_ENABLE_DEBUG_INFO = NO;
				SDKROOT = iphoneos;
				TARGETED_DEVICE_FAMILY = "1,2";
				VALIDATE_PRODUCT = YES;
			};
			name = Release;
		};
		FB797ABD1B60EEB100BA52C9 /* Debug */ = {
			isa = XCBuildConfiguration;
			buildSettings = {
				ASSETCATALOG_COMPILER_APPICON_NAME = AppIcon;
				INFOPLIST_FILE = WebViewPDFViewer/Info.plist;
				IPHONEOS_DEPLOYMENT_TARGET = 7.0;
				LD_RUNPATH_SEARCH_PATHS = "$(inherited) @executable_path/Frameworks";
				PRODUCT_BUNDLE_IDENTIFIER = com.ASTK.WebViewPDFViewer;
				PRODUCT_NAME = "$(TARGET_NAME)";
			};
			name = Debug;
		};
		FB797ABE1B60EEB100BA52C9 /* Release */ = {
			isa = XCBuildConfiguration;
			buildSettings = {
				ASSETCATALOG_COMPILER_APPICON_NAME = AppIcon;
				INFOPLIST_FILE = WebViewPDFViewer/Info.plist;
				IPHONEOS_DEPLOYMENT_TARGET = 7.0;
				LD_RUNPATH_SEARCH_PATHS = "$(inherited) @executable_path/Frameworks";
				PRODUCT_BUNDLE_IDENTIFIER = com.ASTK.WebViewPDFViewer;
				PRODUCT_NAME = "$(TARGET_NAME)";
			};
			name = Release;
		};
/* End XCBuildConfiguration section */

/* Begin XCConfigurationList section */
		FB797AA01B60EEB000BA52C9 /* Build configuration list for PBXProject "WebViewPDFViewer" */ = {
			isa = XCConfigurationList;
			buildConfigurations = (
				FB797ABA1B60EEB100BA52C9 /* Debug */,
				FB797ABB1B60EEB100BA52C9 /* Release */,
			);
			defaultConfigurationIsVisible = 0;
			defaultConfigurationName = Release;
		};
		FB797ABC1B60EEB100BA52C9 /* Build configuration list for PBXNativeTarget "WebViewPDFViewer" */ = {
			isa = XCConfigurationList;
			buildConfigurations = (
				FB797ABD1B60EEB100BA52C9 /* Debug */,
				FB797ABE1B60EEB100BA52C9 /* Release */,
			);
			defaultConfigurationIsVisible = 0;
			defaultConfigurationName = Release;
		};
/* End XCConfigurationList section */
	};
	rootObject = FB797A9D1B60EEB000BA52C9 /* Project object */;
}
